{
  "version": "4",
  "specifiers": {
    "npm:create-svelte@latest": "6.3.9"
  },
  "npm": {
    "@clack/core@0.3.4": {
      "integrity": "sha512-H4hxZDXgHtWTwV3RAVenqcC4VbJZNegbBjlPvzOzCouXtS2y3sDvlO3IsbrPNWuLWPPlYVYPghQdSF64683Ldw==",
      "dependencies": [
        "picocolors",
        "sisteransi"
      ]
    },
    "@clack/prompts@0.7.0": {
      "integrity": "sha512-0MhX9/B4iL6Re04jPrttDm+BsP8y6mS7byuv0BvXgdXhbV5PdlsHt55dvNsuBCPZ7xq1oTAOOuotR9NFbQyMSA==",
      "dependencies": [
        "@clack/core",
        "is-unicode-supported",
        "picocolors",
        "sisteransi"
      ]
    },
    "create-svelte@6.3.9": {
      "integrity": "sha512-ggmwXJRQ+ZRgyW4++ctRgO0ixfoHjHtkmA5TUeosKGRtebdiw7cZlzrw+OViLGEClUZ3QCdO9HoJY2h01WfwvQ==",
      "dependencies": [
        "@clack/prompts",
        "kleur"
      ]
    },
    "is-unicode-supported@2.0.0": {
      "integrity": "sha512-FRdAyx5lusK1iHG0TWpVtk9+1i+GjrzRffhDg4ovQ7mcidMQ6mj+MhKPmvh7Xwyv5gIS06ns49CA7Sqg7lC22Q=="
    },
    "kleur@4.1.5": {
      "integrity": "sha512-o+NO+8WrRiQEE4/7nwRJhN1HWpVmJm511pBHUxPLtp0BUISzlBplORYSmTclCnJvQq2tKu/sgl3xVpkc7ZWuQQ=="
    },
    "picocolors@1.0.1": {
      "integrity": "sha512-anP1Z8qwhkbmu7MFP5iTt+wQKXgwzf7zTyGlcdzabySa9vd0Xt392U0rVmz9poOaBj0uHJKyyo9/upk0HrEQew=="
    },
    "sisteransi@1.0.5": {
      "integrity": "sha512-bLGGlR1QxBcynn2d5YmDX4MGjlZvy2MRBDRNHLJ8VI6l6+9FUiyTFNJ0IveOSP0bcXgVDPRcfGqA0pjaqUpfVg=="
    }
  },
  "workspace": {
    "dependencies": [
      "jsr:@momiji/cors@^1.0.1",
      "jsr:@oak/oak@^16.1.0",
      "jsr:@std/assert@1",
      "npm:autoprefixer@^10.4.20",
      "npm:postcss@^8.4.41",
      "npm:tailwindcss@^3.4.10"
    ],
    "members": {
      "apps/zemili/backend": {
        "dependencies": [
          "jsr:@oak/oak@^16.1.0",
          "npm:path-to-regexp@^6.2.1"
        ]
      },
      "packages/auth": {
        "dependencies": [
          "jsr:@ts-rex/bcrypt@^1.0.3"
        ]
      },
      "packages/data": {
        "dependencies": [
          "jsr:@momiji/cors@^1.0.1",
          "jsr:@oak/oak@^16.1.0"
        ]
      },
      "packages/server": {
        "dependencies": [
          "jsr:@momiji/cors@^1.0.1",
          "jsr:@oak/oak@^16.1.0"
        ]
      }
    }
  }
}
